
Microsoft Visual Studio Solution File, Format Version 12.00
# Visual Studio Version 17
VisualStudioVersion = 17.3.32901.215
MinimumVisualStudioVersion = 10.0.40219.1
Project("{FAE04EC0-301F-11D3-BF4B-00C04F79EFBC}") = "BusStationCashDesk", "BusStationCashDesk.csproj", "{1BB56C19-17A3-4AED-A478-76399BE7BB75}"
EndProject
Global
	GlobalSection(SolutionConfigurationPlatforms) = preSolution
		Debug|Any CPU = Debug|Any CPU
		Release|Any CPU = Release|Any CPU
	EndGlobalSection
	GlobalSection(ProjectConfigurationPlatforms) = postSolution
		{1BB56C19-17A3-4AED-A478-76399BE7BB75}.Debug|Any CPU.ActiveCfg = Debug|Any CPU
		{1BB56C19-17A3-4AED-A478-76399BE7BB75}.Debug|Any CPU.Build.0 = Debug|Any CPU
		{1BB56C19-17A3-4AED-A478-76399BE7BB75}.Release|Any CPU.ActiveCfg = Release|Any CPU
		{1BB56C19-17A3-4AED-A478-76399BE7BB75}.Release|Any CPU.Build.0 = Release|Any CPU
	EndGlobalSection
	GlobalSection(SolutionProperties) = preSolution
		HideSolutionNode = FALSE
	EndGlobalSection
	GlobalSection(ExtensibilityGlobals) = postSolution
		SolutionGuid = {C385D1E0-9B0E-49B3-AF89-99603096CC9F}
	EndGlobalSection
EndGlobal
